
Microsoft Visual Studio Solution File, Format Version 11.00
# Visual Studio 2010
Project("{8BC9CEB8-8B4A-11D0-8D11-00A0C91BC942}") = "wrapper", "wrapper\wrapper.vcxproj", "{2DB76C7E-DD3A-4922-9F47-9B2E19CCC6CA}"
EndProject
Project("{8BC9CEB8-8B4A-11D0-8D11-00A0C91BC942}") = "waste", "waste\waste.vcxproj", "{33B6C6DE-1AA4-4C9D-B62D-C1045AAB230B}"
EndProject
Project("{54435603-DBB4-11D2-8724-00A0C9A8B90C}") = "waste-setup", "waste-setup\waste-setup.vdproj", "{2FD23758-AFD8-4EA0-B97F-F3AC3E419639}"
EndProject
Project("{8BC9CEB8-8B4A-11D0-8D11-00A0C91BC942}") = "ptxp", "ptxp\ptxp.vcxproj", "{6644F2CA-1A4D-4EF4-99F5-9458AB461010}"
EndProject
Project("{8BC9CEB8-8B4A-11D0-8D11-00A0C91BC942}") = "emulator", "emulator\emulator.vcxproj", "{C6320B81-CE1A-4E33-AA48-FE36A7A3A9B8}"
EndProject
Global
	GlobalSection(SolutionConfigurationPlatforms) = preSolution
		Debug|Win32 = Debug|Win32
		Release|Win32 = Release|Win32
	EndGlobalSection
	GlobalSection(ProjectConfigurationPlatforms) = postSolution
		{2DB76C7E-DD3A-4922-9F47-9B2E19CCC6CA}.Debug|Win32.ActiveCfg = Debug|Win32
		{2DB76C7E-DD3A-4922-9F47-9B2E19CCC6CA}.Debug|Win32.Build.0 = Debug|Win32
		{2DB76C7E-DD3A-4922-9F47-9B2E19CCC6CA}.Release|Win32.ActiveCfg = Release|Win32
		{2DB76C7E-DD3A-4922-9F47-9B2E19CCC6CA}.Release|Win32.Build.0 = Release|Win32
		{33B6C6DE-1AA4-4C9D-B62D-C1045AAB230B}.Debug|Win32.ActiveCfg = Debug|Win32
		{33B6C6DE-1AA4-4C9D-B62D-C1045AAB230B}.Debug|Win32.Build.0 = Debug|Win32
		{33B6C6DE-1AA4-4C9D-B62D-C1045AAB230B}.Release|Win32.ActiveCfg = Release|Win32
		{33B6C6DE-1AA4-4C9D-B62D-C1045AAB230B}.Release|Win32.Build.0 = Release|Win32
		{2FD23758-AFD8-4EA0-B97F-F3AC3E419639}.Debug|Win32.ActiveCfg = Debug
		{2FD23758-AFD8-4EA0-B97F-F3AC3E419639}.Release|Win32.ActiveCfg = Release
		{6644F2CA-1A4D-4EF4-99F5-9458AB461010}.Debug|Win32.ActiveCfg = Debug|Win32
		{6644F2CA-1A4D-4EF4-99F5-9458AB461010}.Debug|Win32.Build.0 = Debug|Win32
		{6644F2CA-1A4D-4EF4-99F5-9458AB461010}.Release|Win32.ActiveCfg = Release|Win32
		{6644F2CA-1A4D-4EF4-99F5-9458AB461010}.Release|Win32.Build.0 = Release|Win32
		{C6320B81-CE1A-4E33-AA48-FE36A7A3A9B8}.Debug|Win32.ActiveCfg = Debug|Win32
		{C6320B81-CE1A-4E33-AA48-FE36A7A3A9B8}.Debug|Win32.Build.0 = Debug|Win32
		{C6320B81-CE1A-4E33-AA48-FE36A7A3A9B8}.Release|Win32.ActiveCfg = Release|Win32
		{C6320B81-CE1A-4E33-AA48-FE36A7A3A9B8}.Release|Win32.Build.0 = Release|Win32
	EndGlobalSection
	GlobalSection(SolutionProperties) = preSolution
		HideSolutionNode = FALSE
	EndGlobalSection
EndGlobal
