
Microsoft Visual Studio Solution File, Format Version 10.00
# Visual Studio 2008
Project("{8BC9CEB8-8B4A-11D0-8D11-00A0C91BC942}") = "ptx-inst", "ptx-inst\ptx-inst.vcproj", "{FC31EFF9-753F-4E82-BC44-BB8A81ABF401}"
EndProject
Global
	GlobalSection(SolutionConfigurationPlatforms) = preSolution
		Debug|Win32 = Debug|Win32
		Release|Win32 = Release|Win32
	EndGlobalSection
	GlobalSection(ProjectConfigurationPlatforms) = postSolution
		{FC31EFF9-753F-4E82-BC44-BB8A81ABF401}.Debug|Win32.ActiveCfg = Debug|Win32
		{FC31EFF9-753F-4E82-BC44-BB8A81ABF401}.Debug|Win32.Build.0 = Debug|Win32
		{FC31EFF9-753F-4E82-BC44-BB8A81ABF401}.Release|Win32.ActiveCfg = Release|Win32
		{FC31EFF9-753F-4E82-BC44-BB8A81ABF401}.Release|Win32.Build.0 = Release|Win32
	EndGlobalSection
	GlobalSection(SolutionProperties) = preSolution
		HideSolutionNode = FALSE
	EndGlobalSection
EndGlobal
