
Microsoft Visual Studio Solution File, Format Version 11.00
# Visual Studio 2010
Project("{8BC9CEB8-8B4A-11D0-8D11-00A0C91BC942}") = "nvcuda", "nvcuda.vcxproj", "{72CF074A-835D-41FA-90E1-BE377FF6CEAA}"
EndProject
Global
	GlobalSection(SolutionConfigurationPlatforms) = preSolution
		Debug|Win32 = Debug|Win32
		Release|Win32 = Release|Win32
	EndGlobalSection
	GlobalSection(ProjectConfigurationPlatforms) = postSolution
		{72CF074A-835D-41FA-90E1-BE377FF6CEAA}.Debug|Win32.ActiveCfg = Debug|Win32
		{72CF074A-835D-41FA-90E1-BE377FF6CEAA}.Debug|Win32.Build.0 = Debug|Win32
		{72CF074A-835D-41FA-90E1-BE377FF6CEAA}.Release|Win32.ActiveCfg = Release|Win32
		{72CF074A-835D-41FA-90E1-BE377FF6CEAA}.Release|Win32.Build.0 = Release|Win32
	EndGlobalSection
	GlobalSection(SolutionProperties) = preSolution
		HideSolutionNode = FALSE
	EndGlobalSection
EndGlobal
